
Microsoft Visual Studio Solution File, Format Version 12.00
# Visual Studio 14
VisualStudioVersion = 14.0.25420.1
MinimumVisualStudioVersion = 10.0.40219.1
Project("{E24C65DC-7377-472B-9ABA-BC803B73C61A}") = "14.4.19 840(1)", ".", "{8AD4BDDC-C885-48B6-84A0-36E81C512CB9}"
	ProjectSection(WebsiteProperties) = preProject
		TargetFrameworkMoniker = ".NETFramework,Version%3Dv4.0"
		Debug.AspNetCompiler.VirtualPath = "/localhost_53737"
		Debug.AspNetCompiler.PhysicalPath = "..\..\..\..\Downloads\22.4.19\26.3.19 מחשבים 2112\14.4.19 840\"
		Debug.AspNetCompiler.TargetPath = "PrecompiledWeb\localhost_53737\"
		Debug.AspNetCompiler.Updateable = "true"
		Debug.AspNetCompiler.ForceOverwrite = "true"
		Debug.AspNetCompiler.FixedNames = "false"
		Debug.AspNetCompiler.Debug = "True"
		Release.AspNetCompiler.VirtualPath = "/localhost_53737"
		Release.AspNetCompiler.PhysicalPath = "..\..\..\..\Downloads\22.4.19\26.3.19 מחשבים 2112\14.4.19 840\"
		Release.AspNetCompiler.TargetPath = "PrecompiledWeb\localhost_53737\"
		Release.AspNetCompiler.Updateable = "true"
		Release.AspNetCompiler.ForceOverwrite = "true"
		Release.AspNetCompiler.FixedNames = "false"
		Release.AspNetCompiler.Debug = "False"
		VWDPort = "53737"
	EndProjectSection
EndProject
Global
	GlobalSection(SolutionConfigurationPlatforms) = preSolution
		Debug|Any CPU = Debug|Any CPU
	EndGlobalSection
	GlobalSection(ProjectConfigurationPlatforms) = postSolution
		{8AD4BDDC-C885-48B6-84A0-36E81C512CB9}.Debug|Any CPU.ActiveCfg = Debug|Any CPU
		{8AD4BDDC-C885-48B6-84A0-36E81C512CB9}.Debug|Any CPU.Build.0 = Debug|Any CPU
	EndGlobalSection
	GlobalSection(SolutionProperties) = preSolution
		HideSolutionNode = FALSE
	EndGlobalSection
EndGlobal
