
Microsoft Visual Studio Solution File, Format Version 12.00
# Visual Studio 14
VisualStudioVersion = 14.0.25420.1
MinimumVisualStudioVersion = 10.0.40219.1
Project("{E24C65DC-7377-472B-9ABA-BC803B73C61A}") = "7.6.19 1323", ".", "{1F4DC138-34A2-4B66-8268-BFF9C4EDA927}"
	ProjectSection(WebsiteProperties) = preProject
		TargetFrameworkMoniker = ".NETFramework,Version%3Dv4.0"
		Debug.AspNetCompiler.VirtualPath = "/localhost_49949"
		Debug.AspNetCompiler.PhysicalPath = "..\7.6.19 1323\"
		Debug.AspNetCompiler.TargetPath = "PrecompiledWeb\localhost_49949\"
		Debug.AspNetCompiler.Updateable = "true"
		Debug.AspNetCompiler.ForceOverwrite = "true"
		Debug.AspNetCompiler.FixedNames = "false"
		Debug.AspNetCompiler.Debug = "True"
		Release.AspNetCompiler.VirtualPath = "/localhost_49949"
		Release.AspNetCompiler.PhysicalPath = "..\7.6.19 1323\"
		Release.AspNetCompiler.TargetPath = "PrecompiledWeb\localhost_49949\"
		Release.AspNetCompiler.Updateable = "true"
		Release.AspNetCompiler.ForceOverwrite = "true"
		Release.AspNetCompiler.FixedNames = "false"
		Release.AspNetCompiler.Debug = "False"
		VWDPort = "49949"
		SlnRelativePath = "..\7.6.19 1323\"
	EndProjectSection
EndProject
Global
	GlobalSection(SolutionConfigurationPlatforms) = preSolution
		Debug|Any CPU = Debug|Any CPU
	EndGlobalSection
	GlobalSection(ProjectConfigurationPlatforms) = postSolution
		{1F4DC138-34A2-4B66-8268-BFF9C4EDA927}.Debug|Any CPU.ActiveCfg = Debug|Any CPU
		{1F4DC138-34A2-4B66-8268-BFF9C4EDA927}.Debug|Any CPU.Build.0 = Debug|Any CPU
	EndGlobalSection
	GlobalSection(SolutionProperties) = preSolution
		HideSolutionNode = FALSE
	EndGlobalSection
EndGlobal
